
Microsoft Visual Studio Solution File, Format Version 12.00
# Visual Studio 15
VisualStudioVersion = 15.0.28307.1062
MinimumVisualStudioVersion = 10.0.40219.1
Project("{FAE04EC0-301F-11D3-BF4B-00C04F79EFBC}") = "MyHotelProject", "MyHotelProject\MyHotelProject.csproj", "{CFE89BE4-B591-468C-81CE-020BF54C3F2F}"
EndProject
Project("{FAE04EC0-301F-11D3-BF4B-00C04F79EFBC}") = "Model", "Model\Model.csproj", "{9B2AA9FA-7792-4565-A591-8133F7959054}"
EndProject
Global
	GlobalSection(SolutionConfigurationPlatforms) = preSolution
		Debug|Any CPU = Debug|Any CPU
		Release|Any CPU = Release|Any CPU
	EndGlobalSection
	GlobalSection(ProjectConfigurationPlatforms) = postSolution
		{CFE89BE4-B591-468C-81CE-020BF54C3F2F}.Debug|Any CPU.ActiveCfg = Debug|Any CPU
		{CFE89BE4-B591-468C-81CE-020BF54C3F2F}.Debug|Any CPU.Build.0 = Debug|Any CPU
		{CFE89BE4-B591-468C-81CE-020BF54C3F2F}.Release|Any CPU.ActiveCfg = Release|Any CPU
		{CFE89BE4-B591-468C-81CE-020BF54C3F2F}.Release|Any CPU.Build.0 = Release|Any CPU
		{9B2AA9FA-7792-4565-A591-8133F7959054}.Debug|Any CPU.ActiveCfg = Debug|Any CPU
		{9B2AA9FA-7792-4565-A591-8133F7959054}.Debug|Any CPU.Build.0 = Debug|Any CPU
		{9B2AA9FA-7792-4565-A591-8133F7959054}.Release|Any CPU.ActiveCfg = Release|Any CPU
		{9B2AA9FA-7792-4565-A591-8133F7959054}.Release|Any CPU.Build.0 = Release|Any CPU
	EndGlobalSection
	GlobalSection(SolutionProperties) = preSolution
		HideSolutionNode = FALSE
	EndGlobalSection
	GlobalSection(ExtensibilityGlobals) = postSolution
		SolutionGuid = {1303DB0F-BFC0-49C6-A14E-05E458D76970}
	EndGlobalSection
EndGlobal
